
Microsoft Visual Studio Solution File, Format Version 12.00
# Visual Studio Version 16
VisualStudioVersion = 16.0.32228.343
MinimumVisualStudioVersion = 10.0.40219.1
Project("{FAE04EC0-301F-11D3-BF4B-00C04F79EFBC}") = "Client", "Client.csproj", "{562B2A90-9F77-4151-A65E-C433FA0EA841}"
EndProject
Global
	GlobalSection(SolutionConfigurationPlatforms) = preSolution
		Debug|Any CPU = Debug|Any CPU
		Release|Any CPU = Release|Any CPU
	EndGlobalSection
	GlobalSection(ProjectConfigurationPlatforms) = postSolution
		{562B2A90-9F77-4151-A65E-C433FA0EA841}.Debug|Any CPU.ActiveCfg = Debug|Any CPU
		{562B2A90-9F77-4151-A65E-C433FA0EA841}.Debug|Any CPU.Build.0 = Debug|Any CPU
		{562B2A90-9F77-4151-A65E-C433FA0EA841}.Release|Any CPU.ActiveCfg = Release|Any CPU
		{562B2A90-9F77-4151-A65E-C433FA0EA841}.Release|Any CPU.Build.0 = Release|Any CPU
	EndGlobalSection
	GlobalSection(SolutionProperties) = preSolution
		HideSolutionNode = FALSE
	EndGlobalSection
	GlobalSection(ExtensibilityGlobals) = postSolution
		SolutionGuid = {B27A4200-057B-4F47-9743-FDCD69078BA3}
	EndGlobalSection
EndGlobal
